
Microsoft Visual Studio Solution File, Format Version 12.00
Project("{FAE04EC0-301F-11D3-BF4B-00C04F79EFBC}") = "IMDB", "IMDB\IMDB.csproj", "{45F07F4B-10C1-4790-83C4-050213096650}"
EndProject
Project("{FAE04EC0-301F-11D3-BF4B-00C04F79EFBC}") = "E2ETesting", "..\E2ETesting-main\E2ETesting.csproj", "{35074757-DCA9-4C05-B725-C9A753D1B694}"
EndProject
Global
	GlobalSection(SolutionConfigurationPlatforms) = preSolution
		Debug|Any CPU = Debug|Any CPU
		Release|Any CPU = Release|Any CPU
	EndGlobalSection
	GlobalSection(ProjectConfigurationPlatforms) = postSolution
		{45F07F4B-10C1-4790-83C4-050213096650}.Debug|Any CPU.ActiveCfg = Debug|Any CPU
		{45F07F4B-10C1-4790-83C4-050213096650}.Debug|Any CPU.Build.0 = Debug|Any CPU
		{45F07F4B-10C1-4790-83C4-050213096650}.Release|Any CPU.ActiveCfg = Release|Any CPU
		{45F07F4B-10C1-4790-83C4-050213096650}.Release|Any CPU.Build.0 = Release|Any CPU
		{35074757-DCA9-4C05-B725-C9A753D1B694}.Debug|Any CPU.ActiveCfg = Debug|Any CPU
		{35074757-DCA9-4C05-B725-C9A753D1B694}.Debug|Any CPU.Build.0 = Debug|Any CPU
		{35074757-DCA9-4C05-B725-C9A753D1B694}.Release|Any CPU.ActiveCfg = Release|Any CPU
		{35074757-DCA9-4C05-B725-C9A753D1B694}.Release|Any CPU.Build.0 = Release|Any CPU
	EndGlobalSection
EndGlobal
